// !$*UTF8*$!
{
	archiveVersion = 1;
	classes = {
	};
	objectVersion = 56;
	objects = {

/* Begin PBXBuildFile section */
		933570D32A36AD9A0014E8C9 /* Retro Gaming.ttf in Resources */ = {isa = PBXBuildFile; fileRef = 933570D22A36AD9A0014E8C9 /* Retro Gaming.ttf */; };
		93DA51B22A34FC8F006277E2 /* AppDelegate.swift in Sources */ = {isa = PBXBuildFile; fileRef = 93DA51B12A34FC8F006277E2 /* AppDelegate.swift */; };
		93DA51B42A34FC8F006277E2 /* SceneDelegate.swift in Sources */ = {isa = PBXBuildFile; fileRef = 93DA51B32A34FC8F006277E2 /* SceneDelegate.swift */; };
		93DA51B62A34FC8F006277E2 /* CharacterListVC.swift in Sources */ = {isa = PBXBuildFile; fileRef = 93DA51B52A34FC8F006277E2 /* CharacterListVC.swift */; };
		93DA51B92A34FC8F006277E2 /* Main.storyboard in Resources */ = {isa = PBXBuildFile; fileRef = 93DA51B72A34FC8F006277E2 /* Main.storyboard */; };
		93DA51BC2A34FC8F006277E2 /* Rick_Morty.xcdatamodeld in Sources */ = {isa = PBXBuildFile; fileRef = 93DA51BA2A34FC8F006277E2 /* Rick_Morty.xcdatamodeld */; };
		93DA51BE2A34FC92006277E2 /* Assets.xcassets in Resources */ = {isa = PBXBuildFile; fileRef = 93DA51BD2A34FC92006277E2 /* Assets.xcassets */; };
		93DA51C12A34FC92006277E2 /* LaunchScreen.storyboard in Resources */ = {isa = PBXBuildFile; fileRef = 93DA51BF2A34FC92006277E2 /* LaunchScreen.storyboard */; };
		93DA51CC2A34FC92006277E2 /* Rick_MortyTests.swift in Sources */ = {isa = PBXBuildFile; fileRef = 93DA51CB2A34FC92006277E2 /* Rick_MortyTests.swift */; };
		93DA51D62A34FC93006277E2 /* Rick_MortyUITests.swift in Sources */ = {isa = PBXBuildFile; fileRef = 93DA51D52A34FC93006277E2 /* Rick_MortyUITests.swift */; };
		93DA51D82A34FC93006277E2 /* Rick_MortyUITestsLaunchTests.swift in Sources */ = {isa = PBXBuildFile; fileRef = 93DA51D72A34FC93006277E2 /* Rick_MortyUITestsLaunchTests.swift */; };
		93DA51F52A350BCF006277E2 /* Nunito-Medium.ttf in Resources */ = {isa = PBXBuildFile; fileRef = 93DA51E52A350BCE006277E2 /* Nunito-Medium.ttf */; };
		93DA51F62A350BCF006277E2 /* Nunito-BlackItalic.ttf in Resources */ = {isa = PBXBuildFile; fileRef = 93DA51E62A350BCE006277E2 /* Nunito-BlackItalic.ttf */; };
		93DA51F72A350BCF006277E2 /* Nunito-ExtraBoldItalic.ttf in Resources */ = {isa = PBXBuildFile; fileRef = 93DA51E72A350BCE006277E2 /* Nunito-ExtraBoldItalic.ttf */; };
		93DA51F82A350BCF006277E2 /* Nunito-Regular.ttf in Resources */ = {isa = PBXBuildFile; fileRef = 93DA51E82A350BCE006277E2 /* Nunito-Regular.ttf */; };
		93DA51F92A350BCF006277E2 /* Nunito-ExtraLightItalic.ttf in Resources */ = {isa = PBXBuildFile; fileRef = 93DA51E92A350BCE006277E2 /* Nunito-ExtraLightItalic.ttf */; };
		93DA51FA2A350BCF006277E2 /* Nunito-BoldItalic.ttf in Resources */ = {isa = PBXBuildFile; fileRef = 93DA51EA2A350BCE006277E2 /* Nunito-BoldItalic.ttf */; };
		93DA51FB2A350BCF006277E2 /* Nunito-Italic.ttf in Resources */ = {isa = PBXBuildFile; fileRef = 93DA51EB2A350BCE006277E2 /* Nunito-Italic.ttf */; };
		93DA51FC2A350BCF006277E2 /* Nunito-SemiBoldItalic.ttf in Resources */ = {isa = PBXBuildFile; fileRef = 93DA51EC2A350BCE006277E2 /* Nunito-SemiBoldItalic.ttf */; };
		93DA51FD2A350BCF006277E2 /* Nunito-Black.ttf in Resources */ = {isa = PBXBuildFile; fileRef = 93DA51ED2A350BCF006277E2 /* Nunito-Black.ttf */; };
		93DA51FE2A350BCF006277E2 /* Nunito-MediumItalic.ttf in Resources */ = {isa = PBXBuildFile; fileRef = 93DA51EE2A350BCF006277E2 /* Nunito-MediumItalic.ttf */; };
		93DA51FF2A350BCF006277E2 /* Nunito-LightItalic.ttf in Resources */ = {isa = PBXBuildFile; fileRef = 93DA51EF2A350BCF006277E2 /* Nunito-LightItalic.ttf */; };
		93DA52002A350BCF006277E2 /* Nunito-SemiBold.ttf in Resources */ = {isa = PBXBuildFile; fileRef = 93DA51F02A350BCF006277E2 /* Nunito-SemiBold.ttf */; };
		93DA52012A350BCF006277E2 /* Nunito-Light.ttf in Resources */ = {isa = PBXBuildFile; fileRef = 93DA51F12A350BCF006277E2 /* Nunito-Light.ttf */; };
		93DA52022A350BCF006277E2 /* Nunito-ExtraLight.ttf in Resources */ = {isa = PBXBuildFile; fileRef = 93DA51F22A350BCF006277E2 /* Nunito-ExtraLight.ttf */; };
		93DA52032A350BCF006277E2 /* Nunito-Bold.ttf in Resources */ = {isa = PBXBuildFile; fileRef = 93DA51F32A350BCF006277E2 /* Nunito-Bold.ttf */; };
		93DA52042A350BCF006277E2 /* Nunito-ExtraBold.ttf in Resources */ = {isa = PBXBuildFile; fileRef = 93DA51F42A350BCF006277E2 /* Nunito-ExtraBold.ttf */; };
		93DA52092A3528D1006277E2 /* Character.swift in Sources */ = {isa = PBXBuildFile; fileRef = 93DA52082A3528D1006277E2 /* Character.swift */; };
		93DA520C2A352F74006277E2 /* Service.swift in Sources */ = {isa = PBXBuildFile; fileRef = 93DA520B2A352F74006277E2 /* Service.swift */; };
		93DA520E2A35317A006277E2 /* CharacterList.swift in Sources */ = {isa = PBXBuildFile; fileRef = 93DA520D2A35317A006277E2 /* CharacterList.swift */; };
		93DA52112A355323006277E2 /* Utils.swift in Sources */ = {isa = PBXBuildFile; fileRef = 93DA52102A355323006277E2 /* Utils.swift */; };
		93DA52142A3554B2006277E2 /* loadingGif.gif in Resources */ = {isa = PBXBuildFile; fileRef = 93DA52132A3554B2006277E2 /* loadingGif.gif */; };
		93DA52182A36272C006277E2 /* CharacterCell.swift in Sources */ = {isa = PBXBuildFile; fileRef = 93DA52172A36272C006277E2 /* CharacterCell.swift */; };
		93DA521A2A36279E006277E2 /* CharacterCell.xib in Resources */ = {isa = PBXBuildFile; fileRef = 93DA52192A36279E006277E2 /* CharacterCell.xib */; };
/* End PBXBuildFile section */

/* Begin PBXContainerItemProxy section */
		93DA51C82A34FC92006277E2 /* PBXContainerItemProxy */ = {
			isa = PBXContainerItemProxy;
			containerPortal = 93DA51A62A34FC8F006277E2 /* Project object */;
			proxyType = 1;
			remoteGlobalIDString = 93DA51AD2A34FC8F006277E2;
			remoteInfo = "Rick&Morty";
		};
		93DA51D22A34FC93006277E2 /* PBXContainerItemProxy */ = {
			isa = PBXContainerItemProxy;
			containerPortal = 93DA51A62A34FC8F006277E2 /* Project object */;
			proxyType = 1;
			remoteGlobalIDString = 93DA51AD2A34FC8F006277E2;
			remoteInfo = "Rick&Morty";
		};
/* End PBXContainerItemProxy section */

/* Begin PBXFileReference section */
		933570D22A36AD9A0014E8C9 /* Retro Gaming.ttf */ = {isa = PBXFileReference; lastKnownFileType = file; path = "Retro Gaming.ttf"; sourceTree = "<group>"; };
		93DA51AE2A34FC8F006277E2 /* Rick&Morty.app */ = {isa = PBXFileReference; explicitFileType = wrapper.application; includeInIndex = 0; path = "Rick&Morty.app"; sourceTree = BUILT_PRODUCTS_DIR; };
		93DA51B12A34FC8F006277E2 /* AppDelegate.swift */ = {isa = PBXFileReference; lastKnownFileType = sourcecode.swift; path = AppDelegate.swift; sourceTree = "<group>"; };
		93DA51B32A34FC8F006277E2 /* SceneDelegate.swift */ = {isa = PBXFileReference; lastKnownFileType = sourcecode.swift; path = SceneDelegate.swift; sourceTree = "<group>"; };
		93DA51B52A34FC8F006277E2 /* CharacterListVC.swift */ = {isa = PBXFileReference; lastKnownFileType = sourcecode.swift; path = CharacterListVC.swift; sourceTree = "<group>"; };
		93DA51B82A34FC8F006277E2 /* Base */ = {isa = PBXFileReference; lastKnownFileType = file.storyboard; name = Base; path = Base.lproj/Main.storyboard; sourceTree = "<group>"; };
		93DA51BB2A34FC8F006277E2 /* Rick_Morty.xcdatamodel */ = {isa = PBXFileReference; lastKnownFileType = wrapper.xcdatamodel; path = Rick_Morty.xcdatamodel; sourceTree = "<group>"; };
		93DA51BD2A34FC92006277E2 /* Assets.xcassets */ = {isa = PBXFileReference; lastKnownFileType = folder.assetcatalog; path = Assets.xcassets; sourceTree = "<group>"; };
		93DA51C02A34FC92006277E2 /* Base */ = {isa = PBXFileReference; lastKnownFileType = file.storyboard; name = Base; path = Base.lproj/LaunchScreen.storyboard; sourceTree = "<group>"; };
		93DA51C22A34FC92006277E2 /* Info.plist */ = {isa = PBXFileReference; lastKnownFileType = text.plist.xml; path = Info.plist; sourceTree = "<group>"; };
		93DA51C72A34FC92006277E2 /* Rick&MortyTests.xctest */ = {isa = PBXFileReference; explicitFileType = wrapper.cfbundle; includeInIndex = 0; path = "Rick&MortyTests.xctest"; sourceTree = BUILT_PRODUCTS_DIR; };
		93DA51CB2A34FC92006277E2 /* Rick_MortyTests.swift */ = {isa = PBXFileReference; lastKnownFileType = sourcecode.swift; path = Rick_MortyTests.swift; sourceTree = "<group>"; };
		93DA51D12A34FC93006277E2 /* Rick&MortyUITests.xctest */ = {isa = PBXFileReference; explicitFileType = wrapper.cfbundle; includeInIndex = 0; path = "Rick&MortyUITests.xctest"; sourceTree = BUILT_PRODUCTS_DIR; };
		93DA51D52A34FC93006277E2 /* Rick_MortyUITests.swift */ = {isa = PBXFileReference; lastKnownFileType = sourcecode.swift; path = Rick_MortyUITests.swift; sourceTree = "<group>"; };
		93DA51D72A34FC93006277E2 /* Rick_MortyUITestsLaunchTests.swift */ = {isa = PBXFileReference; lastKnownFileType = sourcecode.swift; path = Rick_MortyUITestsLaunchTests.swift; sourceTree = "<group>"; };
		93DA51E52A350BCE006277E2 /* Nunito-Medium.ttf */ = {isa = PBXFileReference; lastKnownFileType = file; path = "Nunito-Medium.ttf"; sourceTree = "<group>"; };
		93DA51E62A350BCE006277E2 /* Nunito-BlackItalic.ttf */ = {isa = PBXFileReference; lastKnownFileType = file; path = "Nunito-BlackItalic.ttf"; sourceTree = "<group>"; };
		93DA51E72A350BCE006277E2 /* Nunito-ExtraBoldItalic.ttf */ = {isa = PBXFileReference; lastKnownFileType = file; path = "Nunito-ExtraBoldItalic.ttf"; sourceTree = "<group>"; };
		93DA51E82A350BCE006277E2 /* Nunito-Regular.ttf */ = {isa = PBXFileReference; lastKnownFileType = file; path = "Nunito-Regular.ttf"; sourceTree = "<group>"; };
		93DA51E92A350BCE006277E2 /* Nunito-ExtraLightItalic.ttf */ = {isa = PBXFileReference; lastKnownFileType = file; path = "Nunito-ExtraLightItalic.ttf"; sourceTree = "<group>"; };
		93DA51EA2A350BCE006277E2 /* Nunito-BoldItalic.ttf */ = {isa = PBXFileReference; lastKnownFileType = file; path = "Nunito-BoldItalic.ttf"; sourceTree = "<group>"; };
		93DA51EB2A350BCE006277E2 /* Nunito-Italic.ttf */ = {isa = PBXFileReference; lastKnownFileType = file; path = "Nunito-Italic.ttf"; sourceTree = "<group>"; };
		93DA51EC2A350BCE006277E2 /* Nunito-SemiBoldItalic.ttf */ = {isa = PBXFileReference; lastKnownFileType = file; path = "Nunito-SemiBoldItalic.ttf"; sourceTree = "<group>"; };
		93DA51ED2A350BCF006277E2 /* Nunito-Black.ttf */ = {isa = PBXFileReference; lastKnownFileType = file; path = "Nunito-Black.ttf"; sourceTree = "<group>"; };
		93DA51EE2A350BCF006277E2 /* Nunito-MediumItalic.ttf */ = {isa = PBXFileReference; lastKnownFileType = file; path = "Nunito-MediumItalic.ttf"; sourceTree = "<group>"; };
		93DA51EF2A350BCF006277E2 /* Nunito-LightItalic.ttf */ = {isa = PBXFileReference; lastKnownFileType = file; path = "Nunito-LightItalic.ttf"; sourceTree = "<group>"; };
		93DA51F02A350BCF006277E2 /* Nunito-SemiBold.ttf */ = {isa = PBXFileReference; lastKnownFileType = file; path = "Nunito-SemiBold.ttf"; sourceTree = "<group>"; };
		93DA51F12A350BCF006277E2 /* Nunito-Light.ttf */ = {isa = PBXFileReference; lastKnownFileType = file; path = "Nunito-Light.ttf"; sourceTree = "<group>"; };
		93DA51F22A350BCF006277E2 /* Nunito-ExtraLight.ttf */ = {isa = PBXFileReference; lastKnownFileType = file; path = "Nunito-ExtraLight.ttf"; sourceTree = "<group>"; };
		93DA51F32A350BCF006277E2 /* Nunito-Bold.ttf */ = {isa = PBXFileReference; lastKnownFileType = file; path = "Nunito-Bold.ttf"; sourceTree = "<group>"; };
		93DA51F42A350BCF006277E2 /* Nunito-ExtraBold.ttf */ = {isa = PBXFileReference; lastKnownFileType = file; path = "Nunito-ExtraBold.ttf"; sourceTree = "<group>"; };
		93DA52082A3528D1006277E2 /* Character.swift */ = {isa = PBXFileReference; lastKnownFileType = sourcecode.swift; path = Character.swift; sourceTree = "<group>"; };
		93DA520B2A352F74006277E2 /* Service.swift */ = {isa = PBXFileReference; lastKnownFileType = sourcecode.swift; path = Service.swift; sourceTree = "<group>"; };
		93DA520D2A35317A006277E2 /* CharacterList.swift */ = {isa = PBXFileReference; lastKnownFileType = sourcecode.swift; path = CharacterList.swift; sourceTree = "<group>"; };
		93DA52102A355323006277E2 /* Utils.swift */ = {isa = PBXFileReference; lastKnownFileType = sourcecode.swift; path = Utils.swift; sourceTree = "<group>"; };
		93DA52132A3554B2006277E2 /* loadingGif.gif */ = {isa = PBXFileReference; lastKnownFileType = image.gif; path = loadingGif.gif; sourceTree = "<group>"; };
		93DA52172A36272C006277E2 /* CharacterCell.swift */ = {isa = PBXFileReference; lastKnownFileType = sourcecode.swift; path = CharacterCell.swift; sourceTree = "<group>"; };
		93DA52192A36279E006277E2 /* CharacterCell.xib */ = {isa = PBXFileReference; lastKnownFileType = file.xib; path = CharacterCell.xib; sourceTree = "<group>"; };
/* End PBXFileReference section */

/* Begin PBXFrameworksBuildPhase section */
		93DA51AB2A34FC8F006277E2 /* Frameworks */ = {
			isa = PBXFrameworksBuildPhase;
			buildActionMask = 2147483647;
			files = (
			);
			runOnlyForDeploymentPostprocessing = 0;
		};
		93DA51C42A34FC92006277E2 /* Frameworks */ = {
			isa = PBXFrameworksBuildPhase;
			buildActionMask = 2147483647;
			files = (
			);
			runOnlyForDeploymentPostprocessing = 0;
		};
		93DA51CE2A34FC93006277E2 /* Frameworks */ = {
			isa = PBXFrameworksBuildPhase;
			buildActionMask = 2147483647;
			files = (
			);
			runOnlyForDeploymentPostprocessing = 0;
		};
/* End PBXFrameworksBuildPhase section */

/* Begin PBXGroup section */
		93DA51A52A34FC8F006277E2 = {
			isa = PBXGroup;
			children = (
				93DA51B02A34FC8F006277E2 /* Rick&Morty */,
				93DA51CA2A34FC92006277E2 /* Rick&MortyTests */,
				93DA51D42A34FC93006277E2 /* Rick&MortyUITests */,
				93DA51AF2A34FC8F006277E2 /* Products */,
			);
			sourceTree = "<group>";
		};
		93DA51AF2A34FC8F006277E2 /* Products */ = {
			isa = PBXGroup;
			children = (
				93DA51AE2A34FC8F006277E2 /* Rick&Morty.app */,
				93DA51C72A34FC92006277E2 /* Rick&MortyTests.xctest */,
				93DA51D12A34FC93006277E2 /* Rick&MortyUITests.xctest */,
			);
			name = Products;
			sourceTree = "<group>";
		};
		93DA51B02A34FC8F006277E2 /* Rick&Morty */ = {
			isa = PBXGroup;
			children = (
				93DA52122A35549A006277E2 /* Assets */,
				93DA520F2A355313006277E2 /* Utils */,
				93DA520A2A352F68006277E2 /* Service */,
				93DA52052A352819006277E2 /* View */,
				93DA52072A352835006277E2 /* ViewModel */,
				93DA52062A35282B006277E2 /* Model */,
				93DA51E42A350B8A006277E2 /* Fonts */,
				93DA51B12A34FC8F006277E2 /* AppDelegate.swift */,
				93DA51B32A34FC8F006277E2 /* SceneDelegate.swift */,
				93DA51B72A34FC8F006277E2 /* Main.storyboard */,
				93DA51BF2A34FC92006277E2 /* LaunchScreen.storyboard */,
				93DA51C22A34FC92006277E2 /* Info.plist */,
				93DA51BA2A34FC8F006277E2 /* Rick_Morty.xcdatamodeld */,
			);
			path = "Rick&Morty";
			sourceTree = "<group>";
		};
		93DA51CA2A34FC92006277E2 /* Rick&MortyTests */ = {
			isa = PBXGroup;
			children = (
				93DA51CB2A34FC92006277E2 /* Rick_MortyTests.swift */,
			);
			path = "Rick&MortyTests";
			sourceTree = "<group>";
		};
		93DA51D42A34FC93006277E2 /* Rick&MortyUITests */ = {
			isa = PBXGroup;
			children = (
				93DA51D52A34FC93006277E2 /* Rick_MortyUITests.swift */,
				93DA51D72A34FC93006277E2 /* Rick_MortyUITestsLaunchTests.swift */,
			);
			path = "Rick&MortyUITests";
			sourceTree = "<group>";
		};
		93DA51E42A350B8A006277E2 /* Fonts */ = {
			isa = PBXGroup;
			children = (
				933570D22A36AD9A0014E8C9 /* Retro Gaming.ttf */,
				93DA51ED2A350BCF006277E2 /* Nunito-Black.ttf */,
				93DA51E62A350BCE006277E2 /* Nunito-BlackItalic.ttf */,
				93DA51F32A350BCF006277E2 /* Nunito-Bold.ttf */,
				93DA51EA2A350BCE006277E2 /* Nunito-BoldItalic.ttf */,
				93DA51F42A350BCF006277E2 /* Nunito-ExtraBold.ttf */,
				93DA51E72A350BCE006277E2 /* Nunito-ExtraBoldItalic.ttf */,
				93DA51F22A350BCF006277E2 /* Nunito-ExtraLight.ttf */,
				93DA51E92A350BCE006277E2 /* Nunito-ExtraLightItalic.ttf */,
				93DA51EB2A350BCE006277E2 /* Nunito-Italic.ttf */,
				93DA51F12A350BCF006277E2 /* Nunito-Light.ttf */,
				93DA51EF2A350BCF006277E2 /* Nunito-LightItalic.ttf */,
				93DA51E52A350BCE006277E2 /* Nunito-Medium.ttf */,
				93DA51EE2A350BCF006277E2 /* Nunito-MediumItalic.ttf */,
				93DA51E82A350BCE006277E2 /* Nunito-Regular.ttf */,
				93DA51F02A350BCF006277E2 /* Nunito-SemiBold.ttf */,
				93DA51EC2A350BCE006277E2 /* Nunito-SemiBoldItalic.ttf */,
			);
			path = Fonts;
			sourceTree = "<group>";
		};
		93DA52052A352819006277E2 /* View */ = {
			isa = PBXGroup;
			children = (
				93DA51B52A34FC8F006277E2 /* CharacterListVC.swift */,
				93DA52172A36272C006277E2 /* CharacterCell.swift */,
				93DA52192A36279E006277E2 /* CharacterCell.xib */,
			);
			path = View;
			sourceTree = "<group>";
		};
		93DA52062A35282B006277E2 /* Model */ = {
			isa = PBXGroup;
			children = (
				93DA52082A3528D1006277E2 /* Character.swift */,
				93DA520D2A35317A006277E2 /* CharacterList.swift */,
			);
			path = Model;
			sourceTree = "<group>";
		};
		93DA52072A352835006277E2 /* ViewModel */ = {
			isa = PBXGroup;
			children = (
			);
			path = ViewModel;
			sourceTree = "<group>";
		};
		93DA520A2A352F68006277E2 /* Service */ = {
			isa = PBXGroup;
			children = (
				93DA520B2A352F74006277E2 /* Service.swift */,
			);
			path = Service;
			sourceTree = "<group>";
		};
		93DA520F2A355313006277E2 /* Utils */ = {
			isa = PBXGroup;
			children = (
				93DA52102A355323006277E2 /* Utils.swift */,
			);
			path = Utils;
			sourceTree = "<group>";
		};
		93DA52122A35549A006277E2 /* Assets */ = {
			isa = PBXGroup;
			children = (
				93DA52132A3554B2006277E2 /* loadingGif.gif */,
				93DA51BD2A34FC92006277E2 /* Assets.xcassets */,
			);
			path = Assets;
			sourceTree = "<group>";
		};
/* End PBXGroup section */

/* Begin PBXNativeTarget section */
		93DA51AD2A34FC8F006277E2 /* Rick&Morty */ = {
			isa = PBXNativeTarget;
			buildConfigurationList = 93DA51DB2A34FC93006277E2 /* Build configuration list for PBXNativeTarget "Rick&Morty" */;
			buildPhases = (
				93DA51AA2A34FC8F006277E2 /* Sources */,
				93DA51AB2A34FC8F006277E2 /* Frameworks */,
				93DA51AC2A34FC8F006277E2 /* Resources */,
			);
			buildRules = (
			);
			dependencies = (
			);
			name = "Rick&Morty";
			productName = "Rick&Morty";
			productReference = 93DA51AE2A34FC8F006277E2 /* Rick&Morty.app */;
			productType = "com.apple.product-type.application";
		};
		93DA51C62A34FC92006277E2 /* Rick&MortyTests */ = {
			isa = PBXNativeTarget;
			buildConfigurationList = 93DA51DE2A34FC93006277E2 /* Build configuration list for PBXNativeTarget "Rick&MortyTests" */;
			buildPhases = (
				93DA51C32A34FC92006277E2 /* Sources */,
				93DA51C42A34FC92006277E2 /* Frameworks */,
				93DA51C52A34FC92006277E2 /* Resources */,
			);
			buildRules = (
			);
			dependencies = (
				93DA51C92A34FC92006277E2 /* PBXTargetDependency */,
			);
			name = "Rick&MortyTests";
			productName = "Rick&MortyTests";
			productReference = 93DA51C72A34FC92006277E2 /* Rick&MortyTests.xctest */;
			productType = "com.apple.product-type.bundle.unit-test";
		};
		93DA51D02A34FC93006277E2 /* Rick&MortyUITests */ = {
			isa = PBXNativeTarget;
			buildConfigurationList = 93DA51E12A34FC93006277E2 /* Build configuration list for PBXNativeTarget "Rick&MortyUITests" */;
			buildPhases = (
				93DA51CD2A34FC93006277E2 /* Sources */,
				93DA51CE2A34FC93006277E2 /* Frameworks */,
				93DA51CF2A34FC93006277E2 /* Resources */,
			);
			buildRules = (
			);
			dependencies = (
				93DA51D32A34FC93006277E2 /* PBXTargetDependency */,
			);
			name = "Rick&MortyUITests";
			productName = "Rick&MortyUITests";
			productReference = 93DA51D12A34FC93006277E2 /* Rick&MortyUITests.xctest */;
			productType = "com.apple.product-type.bundle.ui-testing";
		};
/* End PBXNativeTarget section */

/* Begin PBXProject section */
		93DA51A62A34FC8F006277E2 /* Project object */ = {
			isa = PBXProject;
			attributes = {
				BuildIndependentTargetsInParallel = 1;
				LastSwiftUpdateCheck = 1410;
				LastUpgradeCheck = 1410;
				TargetAttributes = {
					93DA51AD2A34FC8F006277E2 = {
						CreatedOnToolsVersion = 14.1;
					};
					93DA51C62A34FC92006277E2 = {
						CreatedOnToolsVersion = 14.1;
						TestTargetID = 93DA51AD2A34FC8F006277E2;
					};
					93DA51D02A34FC93006277E2 = {
						CreatedOnToolsVersion = 14.1;
						TestTargetID = 93DA51AD2A34FC8F006277E2;
					};
				};
			};
			buildConfigurationList = 93DA51A92A34FC8F006277E2 /* Build configuration list for PBXProject "Rick&Morty" */;
			compatibilityVersion = "Xcode 14.0";
			developmentRegion = en;
			hasScannedForEncodings = 0;
			knownRegions = (
				en,
				Base,
			);
			mainGroup = 93DA51A52A34FC8F006277E2;
			productRefGroup = 93DA51AF2A34FC8F006277E2 /* Products */;
			projectDirPath = "";
			projectRoot = "";
			targets = (
				93DA51AD2A34FC8F006277E2 /* Rick&Morty */,
				93DA51C62A34FC92006277E2 /* Rick&MortyTests */,
				93DA51D02A34FC93006277E2 /* Rick&MortyUITests */,
			);
		};
/* End PBXProject section */

/* Begin PBXResourcesBuildPhase section */
		93DA51AC2A34FC8F006277E2 /* Resources */ = {
			isa = PBXResourcesBuildPhase;
			buildActionMask = 2147483647;
			files = (
				93DA51F52A350BCF006277E2 /* Nunito-Medium.ttf in Resources */,
				93DA51FB2A350BCF006277E2 /* Nunito-Italic.ttf in Resources */,
				93DA51C12A34FC92006277E2 /* LaunchScreen.storyboard in Resources */,
				93DA51FC2A350BCF006277E2 /* Nunito-SemiBoldItalic.ttf in Resources */,
				93DA52032A350BCF006277E2 /* Nunito-Bold.ttf in Resources */,
				93DA51FF2A350BCF006277E2 /* Nunito-LightItalic.ttf in Resources */,
				93DA51BE2A34FC92006277E2 /* Assets.xcassets in Resources */,
				93DA521A2A36279E006277E2 /* CharacterCell.xib in Resources */,
				93DA51FE2A350BCF006277E2 /* Nunito-MediumItalic.ttf in Resources */,
				933570D32A36AD9A0014E8C9 /* Retro Gaming.ttf in Resources */,
				93DA51FA2A350BCF006277E2 /* Nunito-BoldItalic.ttf in Resources */,
				93DA51F92A350BCF006277E2 /* Nunito-ExtraLightItalic.ttf in Resources */,
				93DA52002A350BCF006277E2 /* Nunito-SemiBold.ttf in Resources */,
				93DA51B92A34FC8F006277E2 /* Main.storyboard in Resources */,
				93DA51F82A350BCF006277E2 /* Nunito-Regular.ttf in Resources */,
				93DA51F62A350BCF006277E2 /* Nunito-BlackItalic.ttf in Resources */,
				93DA52042A350BCF006277E2 /* Nunito-ExtraBold.ttf in Resources */,
				93DA51F72A350BCF006277E2 /* Nunito-ExtraBoldItalic.ttf in Resources */,
				93DA52012A350BCF006277E2 /* Nunito-Light.ttf in Resources */,
				93DA52022A350BCF006277E2 /* Nunito-ExtraLight.ttf in Resources */,
				93DA52142A3554B2006277E2 /* loadingGif.gif in Resources */,
				93DA51FD2A350BCF006277E2 /* Nunito-Black.ttf in Resources */,
			);
			runOnlyForDeploymentPostprocessing = 0;
		};
		93DA51C52A34FC92006277E2 /* Resources */ = {
			isa = PBXResourcesBuildPhase;
			buildActionMask = 2147483647;
			files = (
			);
			runOnlyForDeploymentPostprocessing = 0;
		};
		93DA51CF2A34FC93006277E2 /* Resources */ = {
			isa = PBXResourcesBuildPhase;
			buildActionMask = 2147483647;
			files = (
			);
			runOnlyForDeploymentPostprocessing = 0;
		};
/* End PBXResourcesBuildPhase section */

/* Begin PBXSourcesBuildPhase section */
		93DA51AA2A34FC8F006277E2 /* Sources */ = {
			isa = PBXSourcesBuildPhase;
			buildActionMask = 2147483647;
			files = (
				93DA51B62A34FC8F006277E2 /* CharacterListVC.swift in Sources */,
				93DA520E2A35317A006277E2 /* CharacterList.swift in Sources */,
				93DA51B22A34FC8F006277E2 /* AppDelegate.swift in Sources */,
				93DA52182A36272C006277E2 /* CharacterCell.swift in Sources */,
				93DA52092A3528D1006277E2 /* Character.swift in Sources */,
				93DA51BC2A34FC8F006277E2 /* Rick_Morty.xcdatamodeld in Sources */,
				93DA51B42A34FC8F006277E2 /* SceneDelegate.swift in Sources */,
				93DA520C2A352F74006277E2 /* Service.swift in Sources */,
				93DA52112A355323006277E2 /* Utils.swift in Sources */,
			);
			runOnlyForDeploymentPostprocessing = 0;
		};
		93DA51C32A34FC92006277E2 /* Sources */ = {
			isa = PBXSourcesBuildPhase;
			buildActionMask = 2147483647;
			files = (
				93DA51CC2A34FC92006277E2 /* Rick_MortyTests.swift in Sources */,
			);
			runOnlyForDeploymentPostprocessing = 0;
		};
		93DA51CD2A34FC93006277E2 /* Sources */ = {
			isa = PBXSourcesBuildPhase;
			buildActionMask = 2147483647;
			files = (
				93DA51D62A34FC93006277E2 /* Rick_MortyUITests.swift in Sources */,
				93DA51D82A34FC93006277E2 /* Rick_MortyUITestsLaunchTests.swift in Sources */,
			);
			runOnlyForDeploymentPostprocessing = 0;
		};
/* End PBXSourcesBuildPhase section */

/* Begin PBXTargetDependency section */
		93DA51C92A34FC92006277E2 /* PBXTargetDependency */ = {
			isa = PBXTargetDependency;
			target = 93DA51AD2A34FC8F006277E2 /* Rick&Morty */;
			targetProxy = 93DA51C82A34FC92006277E2 /* PBXContainerItemProxy */;
		};
		93DA51D32A34FC93006277E2 /* PBXTargetDependency */ = {
			isa = PBXTargetDependency;
			target = 93DA51AD2A34FC8F006277E2 /* Rick&Morty */;
			targetProxy = 93DA51D22A34FC93006277E2 /* PBXContainerItemProxy */;
		};
/* End PBXTargetDependency section */

/* Begin PBXVariantGroup section */
		93DA51B72A34FC8F006277E2 /* Main.storyboard */ = {
			isa = PBXVariantGroup;
			children = (
				93DA51B82A34FC8F006277E2 /* Base */,
			);
			name = Main.storyboard;
			sourceTree = "<group>";
		};
		93DA51BF2A34FC92006277E2 /* LaunchScreen.storyboard */ = {
			isa = PBXVariantGroup;
			children = (
				93DA51C02A34FC92006277E2 /* Base */,
			);
			name = LaunchScreen.storyboard;
			sourceTree = "<group>";
		};
/* End PBXVariantGroup section */

/* Begin XCBuildConfiguration section */
		93DA51D92A34FC93006277E2 /* Debug */ = {
			isa = XCBuildConfiguration;
			buildSettings = {
				ALWAYS_SEARCH_USER_PATHS = NO;
				CLANG_ANALYZER_NONNULL = YES;
				CLANG_ANALYZER_NUMBER_OBJECT_CONVERSION = YES_AGGRESSIVE;
				CLANG_CXX_LANGUAGE_STANDARD = "gnu++20";
				CLANG_ENABLE_MODULES = YES;
				CLANG_ENABLE_OBJC_ARC = YES;
				CLANG_ENABLE_OBJC_WEAK = YES;
				CLANG_WARN_BLOCK_CAPTURE_AUTORELEASING = YES;
				CLANG_WARN_BOOL_CONVERSION = YES;
				CLANG_WARN_COMMA = YES;
				CLANG_WARN_CONSTANT_CONVERSION = YES;
				CLANG_WARN_DEPRECATED_OBJC_IMPLEMENTATIONS = YES;
				CLANG_WARN_DIRECT_OBJC_ISA_USAGE = YES_ERROR;
				CLANG_WARN_DOCUMENTATION_COMMENTS = YES;
				CLANG_WARN_EMPTY_BODY = YES;
				CLANG_WARN_ENUM_CONVERSION = YES;
				CLANG_WARN_INFINITE_RECURSION = YES;
				CLANG_WARN_INT_CONVERSION = YES;
				CLANG_WARN_NON_LITERAL_NULL_CONVERSION = YES;
				CLANG_WARN_OBJC_IMPLICIT_RETAIN_SELF = YES;
				CLANG_WARN_OBJC_LITERAL_CONVERSION = YES;
				CLANG_WARN_OBJC_ROOT_CLASS = YES_ERROR;
				CLANG_WARN_QUOTED_INCLUDE_IN_FRAMEWORK_HEADER = YES;
				CLANG_WARN_RANGE_LOOP_ANALYSIS = YES;
				CLANG_WARN_STRICT_PROTOTYPES = YES;
				CLANG_WARN_SUSPICIOUS_MOVE = YES;
				CLANG_WARN_UNGUARDED_AVAILABILITY = YES_AGGRESSIVE;
				CLANG_WARN_UNREACHABLE_CODE = YES;
				CLANG_WARN__DUPLICATE_METHOD_MATCH = YES;
				COPY_PHASE_STRIP = NO;
				DEBUG_INFORMATION_FORMAT = dwarf;
				ENABLE_STRICT_OBJC_MSGSEND = YES;
				ENABLE_TESTABILITY = YES;
				GCC_C_LANGUAGE_STANDARD = gnu11;
				GCC_DYNAMIC_NO_PIC = NO;
				GCC_NO_COMMON_BLOCKS = YES;
				GCC_OPTIMIZATION_LEVEL = 0;
				GCC_PREPROCESSOR_DEFINITIONS = (
					"DEBUG=1",
					"$(inherited)",
				);
				GCC_WARN_64_TO_32_BIT_CONVERSION = YES;
				GCC_WARN_ABOUT_RETURN_TYPE = YES_ERROR;
				GCC_WARN_UNDECLARED_SELECTOR = YES;
				GCC_WARN_UNINITIALIZED_AUTOS = YES_AGGRESSIVE;
				GCC_WARN_UNUSED_FUNCTION = YES;
				GCC_WARN_UNUSED_VARIABLE = YES;
				IPHONEOS_DEPLOYMENT_TARGET = 16.1;
				MTL_ENABLE_DEBUG_INFO = INCLUDE_SOURCE;
				MTL_FAST_MATH = YES;
				ONLY_ACTIVE_ARCH = YES;
				SDKROOT = iphoneos;
				SWIFT_ACTIVE_COMPILATION_CONDITIONS = DEBUG;
				SWIFT_OPTIMIZATION_LEVEL = "-Onone";
			};
			name = Debug;
		};
		93DA51DA2A34FC93006277E2 /* Release */ = {
			isa = XCBuildConfiguration;
			buildSettings = {
				ALWAYS_SEARCH_USER_PATHS = NO;
				CLANG_ANALYZER_NONNULL = YES;
				CLANG_ANALYZER_NUMBER_OBJECT_CONVERSION = YES_AGGRESSIVE;
				CLANG_CXX_LANGUAGE_STANDARD = "gnu++20";
				CLANG_ENABLE_MODULES = YES;
				CLANG_ENABLE_OBJC_ARC = YES;
				CLANG_ENABLE_OBJC_WEAK = YES;
				CLANG_WARN_BLOCK_CAPTURE_AUTORELEASING = YES;
				CLANG_WARN_BOOL_CONVERSION = YES;
				CLANG_WARN_COMMA = YES;
				CLANG_WARN_CONSTANT_CONVERSION = YES;
				CLANG_WARN_DEPRECATED_OBJC_IMPLEMENTATIONS = YES;
				CLANG_WARN_DIRECT_OBJC_ISA_USAGE = YES_ERROR;
				CLANG_WARN_DOCUMENTATION_COMMENTS = YES;
				CLANG_WARN_EMPTY_BODY = YES;
				CLANG_WARN_ENUM_CONVERSION = YES;
				CLANG_WARN_INFINITE_RECURSION = YES;
				CLANG_WARN_INT_CONVERSION = YES;
				CLANG_WARN_NON_LITERAL_NULL_CONVERSION = YES;
				CLANG_WARN_OBJC_IMPLICIT_RETAIN_SELF = YES;
				CLANG_WARN_OBJC_LITERAL_CONVERSION = YES;
				CLANG_WARN_OBJC_ROOT_CLASS = YES_ERROR;
				CLANG_WARN_QUOTED_INCLUDE_IN_FRAMEWORK_HEADER = YES;
				CLANG_WARN_RANGE_LOOP_ANALYSIS = YES;
				CLANG_WARN_STRICT_PROTOTYPES = YES;
				CLANG_WARN_SUSPICIOUS_MOVE = YES;
				CLANG_WARN_UNGUARDED_AVAILABILITY = YES_AGGRESSIVE;
				CLANG_WARN_UNREACHABLE_CODE = YES;
				CLANG_WARN__DUPLICATE_METHOD_MATCH = YES;
				COPY_PHASE_STRIP = NO;
				DEBUG_INFORMATION_FORMAT = "dwarf-with-dsym";
				ENABLE_NS_ASSERTIONS = NO;
				ENABLE_STRICT_OBJC_MSGSEND = YES;
				GCC_C_LANGUAGE_STANDARD = gnu11;
				GCC_NO_COMMON_BLOCKS = YES;
				GCC_WARN_64_TO_32_BIT_CONVERSION = YES;
				GCC_WARN_ABOUT_RETURN_TYPE = YES_ERROR;
				GCC_WARN_UNDECLARED_SELECTOR = YES;
				GCC_WARN_UNINITIALIZED_AUTOS = YES_AGGRESSIVE;
				GCC_WARN_UNUSED_FUNCTION = YES;
				GCC_WARN_UNUSED_VARIABLE = YES;
				IPHONEOS_DEPLOYMENT_TARGET = 16.1;
				MTL_ENABLE_DEBUG_INFO = NO;
				MTL_FAST_MATH = YES;
				SDKROOT = iphoneos;
				SWIFT_COMPILATION_MODE = wholemodule;
				SWIFT_OPTIMIZATION_LEVEL = "-O";
				VALIDATE_PRODUCT = YES;
			};
			name = Release;
		};
		93DA51DC2A34FC93006277E2 /* Debug */ = {
			isa = XCBuildConfiguration;
			buildSettings = {
				ASSETCATALOG_COMPILER_APPICON_NAME = AppIcon;
				ASSETCATALOG_COMPILER_GLOBAL_ACCENT_COLOR_NAME = AccentColor;
				CODE_SIGN_STYLE = Automatic;
				CURRENT_PROJECT_VERSION = 1;
				GENERATE_INFOPLIST_FILE = YES;
				INFOPLIST_FILE = "Rick&Morty/Info.plist";
				INFOPLIST_KEY_UIApplicationSupportsIndirectInputEvents = YES;
				INFOPLIST_KEY_UILaunchStoryboardName = LaunchScreen;
				INFOPLIST_KEY_UIMainStoryboardFile = Main;
				INFOPLIST_KEY_UISupportedInterfaceOrientations_iPad = "UIInterfaceOrientationPortrait UIInterfaceOrientationPortraitUpsideDown UIInterfaceOrientationLandscapeLeft UIInterfaceOrientationLandscapeRight";
				INFOPLIST_KEY_UISupportedInterfaceOrientations_iPhone = "UIInterfaceOrientationPortrait UIInterfaceOrientationLandscapeLeft UIInterfaceOrientationLandscapeRight";
				LD_RUNPATH_SEARCH_PATHS = (
					"$(inherited)",
					"@executable_path/Frameworks",
				);
				MARKETING_VERSION = 1.0;
				PRODUCT_BUNDLE_IDENTIFIER = "german.Rick-Morty";
				PRODUCT_NAME = "$(TARGET_NAME)";
				SWIFT_EMIT_LOC_STRINGS = YES;
				SWIFT_VERSION = 5.0;
				TARGETED_DEVICE_FAMILY = "1,2";
			};
			name = Debug;
		};
		93DA51DD2A34FC93006277E2 /* Release */ = {
			isa = XCBuildConfiguration;
			buildSettings = {
				ASSETCATALOG_COMPILER_APPICON_NAME = AppIcon;
				ASSETCATALOG_COMPILER_GLOBAL_ACCENT_COLOR_NAME = AccentColor;
				CODE_SIGN_STYLE = Automatic;
				CURRENT_PROJECT_VERSION = 1;
				GENERATE_INFOPLIST_FILE = YES;
				INFOPLIST_FILE = "Rick&Morty/Info.plist";
				INFOPLIST_KEY_UIApplicationSupportsIndirectInputEvents = YES;
				INFOPLIST_KEY_UILaunchStoryboardName = LaunchScreen;
				INFOPLIST_KEY_UIMainStoryboardFile = Main;
				INFOPLIST_KEY_UISupportedInterfaceOrientations_iPad = "UIInterfaceOrientationPortrait UIInterfaceOrientationPortraitUpsideDown UIInterfaceOrientationLandscapeLeft UIInterfaceOrientationLandscapeRight";
				INFOPLIST_KEY_UISupportedInterfaceOrientations_iPhone = "UIInterfaceOrientationPortrait UIInterfaceOrientationLandscapeLeft UIInterfaceOrientationLandscapeRight";
				LD_RUNPATH_SEARCH_PATHS = (
					"$(inherited)",
					"@executable_path/Frameworks",
				);
				MARKETING_VERSION = 1.0;
				PRODUCT_BUNDLE_IDENTIFIER = "german.Rick-Morty";
				PRODUCT_NAME = "$(TARGET_NAME)";
				SWIFT_EMIT_LOC_STRINGS = YES;
				SWIFT_VERSION = 5.0;
				TARGETED_DEVICE_FAMILY = "1,2";
			};
			name = Release;
		};
		93DA51DF2A34FC93006277E2 /* Debug */ = {
			isa = XCBuildConfiguration;
			buildSettings = {
				ALWAYS_EMBED_SWIFT_STANDARD_LIBRARIES = YES;
				BUNDLE_LOADER = "$(TEST_HOST)";
				CODE_SIGN_STYLE = Automatic;
				CURRENT_PROJECT_VERSION = 1;
				GENERATE_INFOPLIST_FILE = YES;
				IPHONEOS_DEPLOYMENT_TARGET = 16.1;
				MARKETING_VERSION = 1.0;
				PRODUCT_BUNDLE_IDENTIFIER = "german.Rick-MortyTests";
				PRODUCT_NAME = "$(TARGET_NAME)";
				SWIFT_EMIT_LOC_STRINGS = NO;
				SWIFT_VERSION = 5.0;
				TARGETED_DEVICE_FAMILY = "1,2";
				TEST_HOST = "$(BUILT_PRODUCTS_DIR)/Rick&Morty.app/$(BUNDLE_EXECUTABLE_FOLDER_PATH)/Rick&Morty";
			};
			name = Debug;
		};
		93DA51E02A34FC93006277E2 /* Release */ = {
			isa = XCBuildConfiguration;
			buildSettings = {
				ALWAYS_EMBED_SWIFT_STANDARD_LIBRARIES = YES;
				BUNDLE_LOADER = "$(TEST_HOST)";
				CODE_SIGN_STYLE = Automatic;
				CURRENT_PROJECT_VERSION = 1;
				GENERATE_INFOPLIST_FILE = YES;
				IPHONEOS_DEPLOYMENT_TARGET = 16.1;
				MARKETING_VERSION = 1.0;
				PRODUCT_BUNDLE_IDENTIFIER = "german.Rick-MortyTests";
				PRODUCT_NAME = "$(TARGET_NAME)";
				SWIFT_EMIT_LOC_STRINGS = NO;
				SWIFT_VERSION = 5.0;
				TARGETED_DEVICE_FAMILY = "1,2";
				TEST_HOST = "$(BUILT_PRODUCTS_DIR)/Rick&Morty.app/$(BUNDLE_EXECUTABLE_FOLDER_PATH)/Rick&Morty";
			};
			name = Release;
		};
		93DA51E22A34FC93006277E2 /* Debug */ = {
			isa = XCBuildConfiguration;
			buildSettings = {
				ALWAYS_EMBED_SWIFT_STANDARD_LIBRARIES = YES;
				CODE_SIGN_STYLE = Automatic;
				CURRENT_PROJECT_VERSION = 1;
				GENERATE_INFOPLIST_FILE = YES;
				MARKETING_VERSION = 1.0;
				PRODUCT_BUNDLE_IDENTIFIER = "german.Rick-MortyUITests";
				PRODUCT_NAME = "$(TARGET_NAME)";
				SWIFT_EMIT_LOC_STRINGS = NO;
				SWIFT_VERSION = 5.0;
				TARGETED_DEVICE_FAMILY = "1,2";
				TEST_TARGET_NAME = "Rick&Morty";
			};
			name = Debug;
		};
		93DA51E32A34FC93006277E2 /* Release */ = {
			isa = XCBuildConfiguration;
			buildSettings = {
				ALWAYS_EMBED_SWIFT_STANDARD_LIBRARIES = YES;
				CODE_SIGN_STYLE = Automatic;
				CURRENT_PROJECT_VERSION = 1;
				GENERATE_INFOPLIST_FILE = YES;
				MARKETING_VERSION = 1.0;
				PRODUCT_BUNDLE_IDENTIFIER = "german.Rick-MortyUITests";
				PRODUCT_NAME = "$(TARGET_NAME)";
				SWIFT_EMIT_LOC_STRINGS = NO;
				SWIFT_VERSION = 5.0;
				TARGETED_DEVICE_FAMILY = "1,2";
				TEST_TARGET_NAME = "Rick&Morty";
			};
			name = Release;
		};
/* End XCBuildConfiguration section */

/* Begin XCConfigurationList section */
		93DA51A92A34FC8F006277E2 /* Build configuration list for PBXProject "Rick&Morty" */ = {
			isa = XCConfigurationList;
			buildConfigurations = (
				93DA51D92A34FC93006277E2 /* Debug */,
				93DA51DA2A34FC93006277E2 /* Release */,
			);
			defaultConfigurationIsVisible = 0;
			defaultConfigurationName = Release;
		};
		93DA51DB2A34FC93006277E2 /* Build configuration list for PBXNativeTarget "Rick&Morty" */ = {
			isa = XCConfigurationList;
			buildConfigurations = (
				93DA51DC2A34FC93006277E2 /* Debug */,
				93DA51DD2A34FC93006277E2 /* Release */,
			);
			defaultConfigurationIsVisible = 0;
			defaultConfigurationName = Release;
		};
		93DA51DE2A34FC93006277E2 /* Build configuration list for PBXNativeTarget "Rick&MortyTests" */ = {
			isa = XCConfigurationList;
			buildConfigurations = (
				93DA51DF2A34FC93006277E2 /* Debug */,
				93DA51E02A34FC93006277E2 /* Release */,
			);
			defaultConfigurationIsVisible = 0;
			defaultConfigurationName = Release;
		};
		93DA51E12A34FC93006277E2 /* Build configuration list for PBXNativeTarget "Rick&MortyUITests" */ = {
			isa = XCConfigurationList;
			buildConfigurations = (
				93DA51E22A34FC93006277E2 /* Debug */,
				93DA51E32A34FC93006277E2 /* Release */,
			);
			defaultConfigurationIsVisible = 0;
			defaultConfigurationName = Release;
		};
/* End XCConfigurationList section */

/* Begin XCVersionGroup section */
		93DA51BA2A34FC8F006277E2 /* Rick_Morty.xcdatamodeld */ = {
			isa = XCVersionGroup;
			children = (
				93DA51BB2A34FC8F006277E2 /* Rick_Morty.xcdatamodel */,
			);
			currentVersion = 93DA51BB2A34FC8F006277E2 /* Rick_Morty.xcdatamodel */;
			path = Rick_Morty.xcdatamodeld;
			sourceTree = "<group>";
			versionGroupType = wrapper.xcdatamodel;
		};
/* End XCVersionGroup section */
	};
	rootObject = 93DA51A62A34FC8F006277E2 /* Project object */;
}
